
Microsoft Visual Studio Solution File, Format Version 12.00
# Visual Studio Version 16
VisualStudioVersion = 16.0.29009.5
MinimumVisualStudioVersion = 10.0.40219.1
Project("{FAE04EC0-301F-11D3-BF4B-00C04F79EFBC}") = "Timer", "Timer\Timer.csproj", "{B9E603B9-0DD6-4068-BCE7-57DF76554320}"
EndProject
Global
	GlobalSection(SolutionConfigurationPlatforms) = preSolution
		Debug|Any CPU = Debug|Any CPU
		Release|Any CPU = Release|Any CPU
	EndGlobalSection
	GlobalSection(ProjectConfigurationPlatforms) = postSolution
		{B9E603B9-0DD6-4068-BCE7-57DF76554320}.Debug|Any CPU.ActiveCfg = Debug|Any CPU
		{B9E603B9-0DD6-4068-BCE7-57DF76554320}.Debug|Any CPU.Build.0 = Debug|Any CPU
		{B9E603B9-0DD6-4068-BCE7-57DF76554320}.Release|Any CPU.ActiveCfg = Release|Any CPU
		{B9E603B9-0DD6-4068-BCE7-57DF76554320}.Release|Any CPU.Build.0 = Release|Any CPU
	EndGlobalSection
	GlobalSection(SolutionProperties) = preSolution
		HideSolutionNode = FALSE
	EndGlobalSection
	GlobalSection(ExtensibilityGlobals) = postSolution
		SolutionGuid = {A7826BF2-0239-4707-B53F-CC08ACF41B75}
	EndGlobalSection
EndGlobal
